
Microsoft Visual Studio Solution File, Format Version 12.00
# Visual Studio Version 17
VisualStudioVersion = 17.14.36717.8 d17.14
MinimumVisualStudioVersion = 10.0.40219.1
Project("{8BC9CEB8-8B4A-11D0-8D11-00A0C91BC942}") = "effective_cpp_tips41", "effective_cpp_tips41\effective_cpp_tips41.vcxproj", "{5EC11080-BF4C-406D-8F5F-1A1E9FB80F03}"
EndProject
Global
	GlobalSection(SolutionConfigurationPlatforms) = preSolution
		Debug|x64 = Debug|x64
		Debug|x86 = Debug|x86
		Release|x64 = Release|x64
		Release|x86 = Release|x86
	EndGlobalSection
	GlobalSection(ProjectConfigurationPlatforms) = postSolution
		{5EC11080-BF4C-406D-8F5F-1A1E9FB80F03}.Debug|x64.ActiveCfg = Debug|x64
		{5EC11080-BF4C-406D-8F5F-1A1E9FB80F03}.Debug|x64.Build.0 = Debug|x64
		{5EC11080-BF4C-406D-8F5F-1A1E9FB80F03}.Debug|x86.ActiveCfg = Debug|Win32
		{5EC11080-BF4C-406D-8F5F-1A1E9FB80F03}.Debug|x86.Build.0 = Debug|Win32
		{5EC11080-BF4C-406D-8F5F-1A1E9FB80F03}.Release|x64.ActiveCfg = Release|x64
		{5EC11080-BF4C-406D-8F5F-1A1E9FB80F03}.Release|x64.Build.0 = Release|x64
		{5EC11080-BF4C-406D-8F5F-1A1E9FB80F03}.Release|x86.ActiveCfg = Release|Win32
		{5EC11080-BF4C-406D-8F5F-1A1E9FB80F03}.Release|x86.Build.0 = Release|Win32
	EndGlobalSection
	GlobalSection(SolutionProperties) = preSolution
		HideSolutionNode = FALSE
	EndGlobalSection
	GlobalSection(ExtensibilityGlobals) = postSolution
		SolutionGuid = {C0B0F18F-01A7-4FEB-9C3B-AB2378EB9C4F}
	EndGlobalSection
EndGlobal
